
Microsoft Visual Studio Solution File, Format Version 11.00
# Visual Studio 2010
Project("{FAE04EC0-301F-11D3-BF4B-00C04F79EFBC}") = "CardsaveDotNet", "CardsaveDotNet\CardsaveDotNet.csproj", "{FF453589-E88C-45E1-8C84-5E1FE5EB20BD}"
EndProject
Project("{FAE04EC0-301F-11D3-BF4B-00C04F79EFBC}") = "ASPNetDemo", "ASPNetDemo\ASPNetDemo.csproj", "{A9081F09-7843-468D-A68B-01B3D6E8A23F}"
EndProject
Global
	GlobalSection(SolutionConfigurationPlatforms) = preSolution
		Debug|Any CPU = Debug|Any CPU
		Release|Any CPU = Release|Any CPU
	EndGlobalSection
	GlobalSection(ProjectConfigurationPlatforms) = postSolution
		{FF453589-E88C-45E1-8C84-5E1FE5EB20BD}.Debug|Any CPU.ActiveCfg = Debug|Any CPU
		{FF453589-E88C-45E1-8C84-5E1FE5EB20BD}.Debug|Any CPU.Build.0 = Debug|Any CPU
		{FF453589-E88C-45E1-8C84-5E1FE5EB20BD}.Release|Any CPU.ActiveCfg = Release|Any CPU
		{FF453589-E88C-45E1-8C84-5E1FE5EB20BD}.Release|Any CPU.Build.0 = Release|Any CPU
		{A9081F09-7843-468D-A68B-01B3D6E8A23F}.Debug|Any CPU.ActiveCfg = Debug|Any CPU
		{A9081F09-7843-468D-A68B-01B3D6E8A23F}.Debug|Any CPU.Build.0 = Debug|Any CPU
		{A9081F09-7843-468D-A68B-01B3D6E8A23F}.Release|Any CPU.ActiveCfg = Release|Any CPU
		{A9081F09-7843-468D-A68B-01B3D6E8A23F}.Release|Any CPU.Build.0 = Release|Any CPU
	EndGlobalSection
	GlobalSection(SolutionProperties) = preSolution
		HideSolutionNode = FALSE
	EndGlobalSection
EndGlobal
